
Microsoft Visual Studio Solution File, Format Version 12.00
# Visual Studio Version 16
VisualStudioVersion = 16.0.28809.33
MinimumVisualStudioVersion = 10.0.40219.1
Project("{9A19103F-16F7-4668-BE54-9A1E7A4F7556}") = "Microsoft.TestPlatform.Extensions.CoverletCoverageDataCollector", "Microsoft.TestPlatform.Extensions.CoverletCoverageDataCollector.csproj", "{A8068392-154C-4182-A94C-0A21C19D2C95}"
EndProject
Project("{FAE04EC0-301F-11D3-BF4B-00C04F79EFBC}") = "CoverletCoverageDataCollector.UnitTests", "..\test\CoverletDataCollector.UnitTests\CoverletCoverageDataCollector.UnitTests.csproj", "{4F4D0247-D38A-4721-96D8-C2F9889022CB}"
EndProject
Global
	GlobalSection(SolutionConfigurationPlatforms) = preSolution
		Debug|Any CPU = Debug|Any CPU
		Release|Any CPU = Release|Any CPU
	EndGlobalSection
	GlobalSection(ProjectConfigurationPlatforms) = postSolution
		{A8068392-154C-4182-A94C-0A21C19D2C95}.Debug|Any CPU.ActiveCfg = Debug|Any CPU
		{A8068392-154C-4182-A94C-0A21C19D2C95}.Debug|Any CPU.Build.0 = Debug|Any CPU
		{A8068392-154C-4182-A94C-0A21C19D2C95}.Release|Any CPU.ActiveCfg = Release|Any CPU
		{A8068392-154C-4182-A94C-0A21C19D2C95}.Release|Any CPU.Build.0 = Release|Any CPU
		{4F4D0247-D38A-4721-96D8-C2F9889022CB}.Debug|Any CPU.ActiveCfg = Debug|Any CPU
		{4F4D0247-D38A-4721-96D8-C2F9889022CB}.Debug|Any CPU.Build.0 = Debug|Any CPU
		{4F4D0247-D38A-4721-96D8-C2F9889022CB}.Release|Any CPU.ActiveCfg = Release|Any CPU
		{4F4D0247-D38A-4721-96D8-C2F9889022CB}.Release|Any CPU.Build.0 = Release|Any CPU
	EndGlobalSection
	GlobalSection(SolutionProperties) = preSolution
		HideSolutionNode = FALSE
	EndGlobalSection
	GlobalSection(ExtensibilityGlobals) = postSolution
		SolutionGuid = {B7AE24DB-DA72-4D6D-9498-C6A360AC5BEB}
	EndGlobalSection
EndGlobal
